
Microsoft Visual Studio Solution File, Format Version 12.00
# Visual Studio 14
VisualStudioVersion = 14.0.25420.1
MinimumVisualStudioVersion = 10.0.40219.1
Project("{FAE04EC0-301F-11D3-BF4B-00C04F79EFBC}") = "Second round chess problem", "Second round chess problem\Second round chess problem.csproj", "{42048751-D758-4556-9BFB-6447253B73FC}"
EndProject
Global
	GlobalSection(SolutionConfigurationPlatforms) = preSolution
		Debug|Any CPU = Debug|Any CPU
		Release|Any CPU = Release|Any CPU
	EndGlobalSection
	GlobalSection(ProjectConfigurationPlatforms) = postSolution
		{42048751-D758-4556-9BFB-6447253B73FC}.Debug|Any CPU.ActiveCfg = Debug|Any CPU
		{42048751-D758-4556-9BFB-6447253B73FC}.Debug|Any CPU.Build.0 = Debug|Any CPU
		{42048751-D758-4556-9BFB-6447253B73FC}.Release|Any CPU.ActiveCfg = Release|Any CPU
		{42048751-D758-4556-9BFB-6447253B73FC}.Release|Any CPU.Build.0 = Release|Any CPU
	EndGlobalSection
	GlobalSection(SolutionProperties) = preSolution
		HideSolutionNode = FALSE
	EndGlobalSection
EndGlobal
